
Microsoft Visual Studio Solution File, Format Version 12.00
# Visual Studio Version 17
VisualStudioVersion = 17.13.35825.156 d17.13
MinimumVisualStudioVersion = 10.0.40219.1
Project("{FAE04EC0-301F-11D3-BF4B-00C04F79EFBC}") = "EcomerceBE", "EcomerceBE.csproj", "{370FD261-3EC6-48E8-A5E9-1E5C91ACC486}"
EndProject
Global
	GlobalSection(SolutionConfigurationPlatforms) = preSolution
		Debug|Any CPU = Debug|Any CPU
		Release|Any CPU = Release|Any CPU
	EndGlobalSection
	GlobalSection(ProjectConfigurationPlatforms) = postSolution
		{370FD261-3EC6-48E8-A5E9-1E5C91ACC486}.Debug|Any CPU.ActiveCfg = Debug|Any CPU
		{370FD261-3EC6-48E8-A5E9-1E5C91ACC486}.Debug|Any CPU.Build.0 = Debug|Any CPU
		{370FD261-3EC6-48E8-A5E9-1E5C91ACC486}.Release|Any CPU.ActiveCfg = Release|Any CPU
		{370FD261-3EC6-48E8-A5E9-1E5C91ACC486}.Release|Any CPU.Build.0 = Release|Any CPU
	EndGlobalSection
	GlobalSection(SolutionProperties) = preSolution
		HideSolutionNode = FALSE
	EndGlobalSection
	GlobalSection(ExtensibilityGlobals) = postSolution
		SolutionGuid = {E6298E79-F255-4D9A-AD71-DA1A52CEBFEB}
	EndGlobalSection
EndGlobal
